
Microsoft Visual Studio Solution File, Format Version 12.00
# Visual Studio 14
VisualStudioVersion = 14.0.25123.0
MinimumVisualStudioVersion = 10.0.40219.1
Project("{2150E333-8FDC-42A3-9474-1A3956D46DE8}") = "01 - Apresentacao", "01 - Apresentacao", "{548BD958-C491-479E-9A43-A6D5BA137DFF}"
EndProject
Project("{2150E333-8FDC-42A3-9474-1A3956D46DE8}") = "03 - Negocio", "03 - Negocio", "{7F0FB493-649F-44A1-9D6E-6E7DFCDEBFE9}"
EndProject
Project("{2150E333-8FDC-42A3-9474-1A3956D46DE8}") = "04 - Dados", "04 - Dados", "{7D0C2960-1C2D-48F0-A8CE-4B38A40A0206}"
EndProject
Project("{2150E333-8FDC-42A3-9474-1A3956D46DE8}") = "01.1 - WebApi", "01.1 - WebApi", "{4910827F-96B6-47E7-8EA5-5431245D4011}"
EndProject
Project("{FAE04EC0-301F-11D3-BF4B-00C04F79EFBC}") = "Galaxia.WebApi", "Galaxia.WebApi\Galaxia.WebApi.csproj", "{78F1E52B-EDCE-494A-AFFD-35C07A932741}"
EndProject
Project("{FAE04EC0-301F-11D3-BF4B-00C04F79EFBC}") = "Galaxia.Dados", "Galaxia.Dados\Galaxia.Dados.csproj", "{FF168F06-02E9-4067-BE71-E166704EF4DE}"
EndProject
Project("{FAE04EC0-301F-11D3-BF4B-00C04F79EFBC}") = "Galaxia.Negocio", "Galaxia.Negocio\Galaxia.Negocio.csproj", "{51D05BFD-57E4-408E-B524-EA385429A902}"
EndProject
Project("{2150E333-8FDC-42A3-9474-1A3956D46DE8}") = "02 - Dominio", "02 - Dominio", "{548314BD-5452-424C-B390-94A666BC4E85}"
EndProject
Project("{FAE04EC0-301F-11D3-BF4B-00C04F79EFBC}") = "Galaxia.Dominio", "Galaxia.Dominio\Galaxia.Dominio.csproj", "{27ACF420-EA96-4EB7-A08D-DB81C1FA55C9}"
EndProject
Project("{2150E333-8FDC-42A3-9474-1A3956D46DE8}") = "04.02 - Database", "04.02 - Database", "{BCB0AAA4-D1E3-4BEF-BC75-4C84CB0E3BD8}"
EndProject
Project("{2150E333-8FDC-42A3-9474-1A3956D46DE8}") = "04.01 - Infra", "04.01 - Infra", "{78F5EA3D-CCD8-40D1-9D57-928760A8126D}"
EndProject
Project("{00D1A9C2-B5F0-4AF3-8072-F6C62B433612}") = "Galaxia.Database", "Galaxia.Database\Galaxia.Database.sqlproj", "{2D65916C-8DE2-428D-8207-877547D9728A}"
EndProject
Global
	GlobalSection(SolutionConfigurationPlatforms) = preSolution
		Debug|Any CPU = Debug|Any CPU
		Release|Any CPU = Release|Any CPU
	EndGlobalSection
	GlobalSection(ProjectConfigurationPlatforms) = postSolution
		{78F1E52B-EDCE-494A-AFFD-35C07A932741}.Debug|Any CPU.ActiveCfg = Debug|Any CPU
		{78F1E52B-EDCE-494A-AFFD-35C07A932741}.Debug|Any CPU.Build.0 = Debug|Any CPU
		{78F1E52B-EDCE-494A-AFFD-35C07A932741}.Release|Any CPU.ActiveCfg = Release|Any CPU
		{78F1E52B-EDCE-494A-AFFD-35C07A932741}.Release|Any CPU.Build.0 = Release|Any CPU
		{FF168F06-02E9-4067-BE71-E166704EF4DE}.Debug|Any CPU.ActiveCfg = Debug|Any CPU
		{FF168F06-02E9-4067-BE71-E166704EF4DE}.Debug|Any CPU.Build.0 = Debug|Any CPU
		{FF168F06-02E9-4067-BE71-E166704EF4DE}.Release|Any CPU.ActiveCfg = Release|Any CPU
		{FF168F06-02E9-4067-BE71-E166704EF4DE}.Release|Any CPU.Build.0 = Release|Any CPU
		{51D05BFD-57E4-408E-B524-EA385429A902}.Debug|Any CPU.ActiveCfg = Debug|Any CPU
		{51D05BFD-57E4-408E-B524-EA385429A902}.Debug|Any CPU.Build.0 = Debug|Any CPU
		{51D05BFD-57E4-408E-B524-EA385429A902}.Release|Any CPU.ActiveCfg = Release|Any CPU
		{51D05BFD-57E4-408E-B524-EA385429A902}.Release|Any CPU.Build.0 = Release|Any CPU
		{27ACF420-EA96-4EB7-A08D-DB81C1FA55C9}.Debug|Any CPU.ActiveCfg = Debug|Any CPU
		{27ACF420-EA96-4EB7-A08D-DB81C1FA55C9}.Debug|Any CPU.Build.0 = Debug|Any CPU
		{27ACF420-EA96-4EB7-A08D-DB81C1FA55C9}.Release|Any CPU.ActiveCfg = Release|Any CPU
		{27ACF420-EA96-4EB7-A08D-DB81C1FA55C9}.Release|Any CPU.Build.0 = Release|Any CPU
		{2D65916C-8DE2-428D-8207-877547D9728A}.Debug|Any CPU.ActiveCfg = Debug|Any CPU
		{2D65916C-8DE2-428D-8207-877547D9728A}.Debug|Any CPU.Build.0 = Debug|Any CPU
		{2D65916C-8DE2-428D-8207-877547D9728A}.Debug|Any CPU.Deploy.0 = Debug|Any CPU
		{2D65916C-8DE2-428D-8207-877547D9728A}.Release|Any CPU.ActiveCfg = Release|Any CPU
		{2D65916C-8DE2-428D-8207-877547D9728A}.Release|Any CPU.Build.0 = Release|Any CPU
		{2D65916C-8DE2-428D-8207-877547D9728A}.Release|Any CPU.Deploy.0 = Release|Any CPU
	EndGlobalSection
	GlobalSection(SolutionProperties) = preSolution
		HideSolutionNode = FALSE
	EndGlobalSection
	GlobalSection(NestedProjects) = preSolution
		{4910827F-96B6-47E7-8EA5-5431245D4011} = {548BD958-C491-479E-9A43-A6D5BA137DFF}
		{78F1E52B-EDCE-494A-AFFD-35C07A932741} = {4910827F-96B6-47E7-8EA5-5431245D4011}
		{FF168F06-02E9-4067-BE71-E166704EF4DE} = {78F5EA3D-CCD8-40D1-9D57-928760A8126D}
		{51D05BFD-57E4-408E-B524-EA385429A902} = {7F0FB493-649F-44A1-9D6E-6E7DFCDEBFE9}
		{27ACF420-EA96-4EB7-A08D-DB81C1FA55C9} = {548314BD-5452-424C-B390-94A666BC4E85}
		{BCB0AAA4-D1E3-4BEF-BC75-4C84CB0E3BD8} = {7D0C2960-1C2D-48F0-A8CE-4B38A40A0206}
		{78F5EA3D-CCD8-40D1-9D57-928760A8126D} = {7D0C2960-1C2D-48F0-A8CE-4B38A40A0206}
		{2D65916C-8DE2-428D-8207-877547D9728A} = {BCB0AAA4-D1E3-4BEF-BC75-4C84CB0E3BD8}
	EndGlobalSection
EndGlobal
